
Microsoft Visual Studio Solution File, Format Version 12.00
# Visual Studio Version 17
VisualStudioVersion = 17.0.32126.317
MinimumVisualStudioVersion = 10.0.40219.1
Project("{FAE04EC0-301F-11D3-BF4B-00C04F79EFBC}") = "Appeal.Entities", "Appeal.Entities\Appeal.Entities.csproj", "{0603F656-BB94-4C98-9295-599ECFEC47E8}"
EndProject
Project("{FAE04EC0-301F-11D3-BF4B-00C04F79EFBC}") = "Appeal.Data", "Appeal.Data\Appeal.Data.csproj", "{2B18CC30-F77F-48B5-B411-9255DD7465C4}"
EndProject
Project("{FAE04EC0-301F-11D3-BF4B-00C04F79EFBC}") = "Appeal.Services", "Appeal.Services\Appeal.Services.csproj", "{8460EFA3-1AB9-499E-AA1E-01BF3C46937B}"
EndProject
Project("{FAE04EC0-301F-11D3-BF4B-00C04F79EFBC}") = "Appeal.Shared", "Appeal.Shared\Appeal.Shared.csproj", "{356D4F12-3D97-4EC3-B64A-8471EEF14487}"
EndProject
Project("{FAE04EC0-301F-11D3-BF4B-00C04F79EFBC}") = "Appeal.WebApi", "Appeal.WebApi\Appeal.WebApi.csproj", "{7D097A46-87DE-43EF-BA25-E278A303D713}"
EndProject
Global
	GlobalSection(SolutionConfigurationPlatforms) = preSolution
		Debug|Any CPU = Debug|Any CPU
		Release|Any CPU = Release|Any CPU
	EndGlobalSection
	GlobalSection(ProjectConfigurationPlatforms) = postSolution
		{0603F656-BB94-4C98-9295-599ECFEC47E8}.Debug|Any CPU.ActiveCfg = Debug|Any CPU
		{0603F656-BB94-4C98-9295-599ECFEC47E8}.Debug|Any CPU.Build.0 = Debug|Any CPU
		{0603F656-BB94-4C98-9295-599ECFEC47E8}.Release|Any CPU.ActiveCfg = Release|Any CPU
		{0603F656-BB94-4C98-9295-599ECFEC47E8}.Release|Any CPU.Build.0 = Release|Any CPU
		{2B18CC30-F77F-48B5-B411-9255DD7465C4}.Debug|Any CPU.ActiveCfg = Debug|Any CPU
		{2B18CC30-F77F-48B5-B411-9255DD7465C4}.Debug|Any CPU.Build.0 = Debug|Any CPU
		{2B18CC30-F77F-48B5-B411-9255DD7465C4}.Release|Any CPU.ActiveCfg = Release|Any CPU
		{2B18CC30-F77F-48B5-B411-9255DD7465C4}.Release|Any CPU.Build.0 = Release|Any CPU
		{8460EFA3-1AB9-499E-AA1E-01BF3C46937B}.Debug|Any CPU.ActiveCfg = Debug|Any CPU
		{8460EFA3-1AB9-499E-AA1E-01BF3C46937B}.Debug|Any CPU.Build.0 = Debug|Any CPU
		{8460EFA3-1AB9-499E-AA1E-01BF3C46937B}.Release|Any CPU.ActiveCfg = Release|Any CPU
		{8460EFA3-1AB9-499E-AA1E-01BF3C46937B}.Release|Any CPU.Build.0 = Release|Any CPU
		{356D4F12-3D97-4EC3-B64A-8471EEF14487}.Debug|Any CPU.ActiveCfg = Debug|Any CPU
		{356D4F12-3D97-4EC3-B64A-8471EEF14487}.Debug|Any CPU.Build.0 = Debug|Any CPU
		{356D4F12-3D97-4EC3-B64A-8471EEF14487}.Release|Any CPU.ActiveCfg = Release|Any CPU
		{356D4F12-3D97-4EC3-B64A-8471EEF14487}.Release|Any CPU.Build.0 = Release|Any CPU
		{7D097A46-87DE-43EF-BA25-E278A303D713}.Debug|Any CPU.ActiveCfg = Debug|Any CPU
		{7D097A46-87DE-43EF-BA25-E278A303D713}.Debug|Any CPU.Build.0 = Debug|Any CPU
		{7D097A46-87DE-43EF-BA25-E278A303D713}.Release|Any CPU.ActiveCfg = Release|Any CPU
		{7D097A46-87DE-43EF-BA25-E278A303D713}.Release|Any CPU.Build.0 = Release|Any CPU
	EndGlobalSection
	GlobalSection(SolutionProperties) = preSolution
		HideSolutionNode = FALSE
	EndGlobalSection
	GlobalSection(ExtensibilityGlobals) = postSolution
		SolutionGuid = {23C70009-EFFE-4D25-8B45-9ECA71AA8321}
	EndGlobalSection
EndGlobal
